# This file is automatically @generated by Cargo.
# It is not intended for manual editing.
version = 4

[[package]]
name = "crafterhunter-bridge"
version = "0.1.0"
dependencies = [
 "crafterhunter-protocol",
]

[[package]]
name = "crafterhunter-probe"
version = "0.1.0"
dependencies = [
 "crafterhunter-protocol",
]

[[package]]
name = "crafterhunter-protocol"
version = "0.1.0"
